
Microsoft Visual Studio Solution File, Format Version 12.00
# Visual Studio 14
VisualStudioVersion = 14.0.23107.0
MinimumVisualStudioVersion = 10.0.40219.1
Project("{8BC9CEB8-8B4A-11D0-8D11-00A0C91BC942}") = "ACMPrac", "ACMPrac\ACMPrac.vcxproj", "{14BAF890-F280-4E99-BE9F-2808247E5219}"
EndProject
Project("{8BC9CEB8-8B4A-11D0-8D11-00A0C91BC942}") = "The_36th_ACM_ICPC_Asia_Regional_Chengdu_Site", "The_36th_ACM_ICPC_Asia_Regional_Chengdu_Site\The_36th_ACM_ICPC_Asia_Regional_Chengdu_Site.vcxproj", "{CE2844CC-5211-4EB2-A367-1CFC8707E94C}"
EndProject
Global
	GlobalSection(SolutionConfigurationPlatforms) = preSolution
		Debug|x64 = Debug|x64
		Debug|x86 = Debug|x86
		Release|x64 = Release|x64
		Release|x86 = Release|x86
	EndGlobalSection
	GlobalSection(ProjectConfigurationPlatforms) = postSolution
		{14BAF890-F280-4E99-BE9F-2808247E5219}.Debug|x64.ActiveCfg = Debug|x64
		{14BAF890-F280-4E99-BE9F-2808247E5219}.Debug|x64.Build.0 = Debug|x64
		{14BAF890-F280-4E99-BE9F-2808247E5219}.Debug|x86.ActiveCfg = Debug|Win32
		{14BAF890-F280-4E99-BE9F-2808247E5219}.Debug|x86.Build.0 = Debug|Win32
		{14BAF890-F280-4E99-BE9F-2808247E5219}.Release|x64.ActiveCfg = Release|x64
		{14BAF890-F280-4E99-BE9F-2808247E5219}.Release|x64.Build.0 = Release|x64
		{14BAF890-F280-4E99-BE9F-2808247E5219}.Release|x86.ActiveCfg = Release|Win32
		{14BAF890-F280-4E99-BE9F-2808247E5219}.Release|x86.Build.0 = Release|Win32
		{CE2844CC-5211-4EB2-A367-1CFC8707E94C}.Debug|x64.ActiveCfg = Debug|x64
		{CE2844CC-5211-4EB2-A367-1CFC8707E94C}.Debug|x64.Build.0 = Debug|x64
		{CE2844CC-5211-4EB2-A367-1CFC8707E94C}.Debug|x86.ActiveCfg = Debug|Win32
		{CE2844CC-5211-4EB2-A367-1CFC8707E94C}.Debug|x86.Build.0 = Debug|Win32
		{CE2844CC-5211-4EB2-A367-1CFC8707E94C}.Release|x64.ActiveCfg = Release|x64
		{CE2844CC-5211-4EB2-A367-1CFC8707E94C}.Release|x64.Build.0 = Release|x64
		{CE2844CC-5211-4EB2-A367-1CFC8707E94C}.Release|x86.ActiveCfg = Release|Win32
		{CE2844CC-5211-4EB2-A367-1CFC8707E94C}.Release|x86.Build.0 = Release|Win32
	EndGlobalSection
	GlobalSection(SolutionProperties) = preSolution
		HideSolutionNode = FALSE
	EndGlobalSection
EndGlobal
